
Microsoft Visual Studio Solution File, Format Version 12.00
# Visual Studio 15
VisualStudioVersion = 15.0.28307.271
MinimumVisualStudioVersion = 10.0.40219.1
Project("{9A19103F-16F7-4668-BE54-9A1E7A4F7556}") = "PreSizeMe", "PreSizeMe\PreSizeMe.csproj", "{76E609EB-6FF0-4318-9458-CE8916B53036}"
EndProject
Project("{FAE04EC0-301F-11D3-BF4B-00C04F79EFBC}") = "PreSizeMeApp.Android", "PreSizeMeApp\PreSizeMeApp.Android\PreSizeMeApp.Android.csproj", "{24CE3C36-16B9-426D-AA0C-5961ECF8D88C}"
EndProject
Project("{FAE04EC0-301F-11D3-BF4B-00C04F79EFBC}") = "PreSizeMeApp.iOS", "PreSizeMeApp\PreSizeMeApp.iOS\PreSizeMeApp.iOS.csproj", "{3483E479-3143-400A-993C-5C1E03B7C496}"
EndProject
Project("{FAE04EC0-301F-11D3-BF4B-00C04F79EFBC}") = "PreSizeMeApp.UWP", "PreSizeMeApp\PreSizeMeApp.UWP\PreSizeMeApp.UWP.csproj", "{9D86B8CE-A432-46D3-982A-7F3CA21B29E4}"
EndProject
Project("{FAE04EC0-301F-11D3-BF4B-00C04F79EFBC}") = "PreSizeMeApp.MobileAppService", "PreSizeMeApp\PreSizeMeApp.MobileAppService\PreSizeMeApp.MobileAppService.csproj", "{DF82DE2D-6FBB-4347-80D4-034F4D96C176}"
EndProject
Project("{FAE04EC0-301F-11D3-BF4B-00C04F79EFBC}") = "PreSizeMeApp", "PreSizeMeApp\PreSizeMeApp\PreSizeMeApp.csproj", "{660E2BE9-9DC1-4BF7-B64F-91769ED1EC0E}"
EndProject
Global
	GlobalSection(SolutionConfigurationPlatforms) = preSolution
		Debug|Any CPU = Debug|Any CPU
		Debug|ARM = Debug|ARM
		Debug|iPhone = Debug|iPhone
		Debug|iPhoneSimulator = Debug|iPhoneSimulator
		Debug|x64 = Debug|x64
		Debug|x86 = Debug|x86
		Release|Any CPU = Release|Any CPU
		Release|ARM = Release|ARM
		Release|iPhone = Release|iPhone
		Release|iPhoneSimulator = Release|iPhoneSimulator
		Release|x64 = Release|x64
		Release|x86 = Release|x86
	EndGlobalSection
	GlobalSection(ProjectConfigurationPlatforms) = postSolution
		{76E609EB-6FF0-4318-9458-CE8916B53036}.Debug|Any CPU.ActiveCfg = Debug|Any CPU
		{76E609EB-6FF0-4318-9458-CE8916B53036}.Debug|Any CPU.Build.0 = Debug|Any CPU
		{76E609EB-6FF0-4318-9458-CE8916B53036}.Debug|ARM.ActiveCfg = Debug|Any CPU
		{76E609EB-6FF0-4318-9458-CE8916B53036}.Debug|ARM.Build.0 = Debug|Any CPU
		{76E609EB-6FF0-4318-9458-CE8916B53036}.Debug|iPhone.ActiveCfg = Debug|Any CPU
		{76E609EB-6FF0-4318-9458-CE8916B53036}.Debug|iPhone.Build.0 = Debug|Any CPU
		{76E609EB-6FF0-4318-9458-CE8916B53036}.Debug|iPhoneSimulator.ActiveCfg = Debug|Any CPU
		{76E609EB-6FF0-4318-9458-CE8916B53036}.Debug|iPhoneSimulator.Build.0 = Debug|Any CPU
		{76E609EB-6FF0-4318-9458-CE8916B53036}.Debug|x64.ActiveCfg = Debug|Any CPU
		{76E609EB-6FF0-4318-9458-CE8916B53036}.Debug|x64.Build.0 = Debug|Any CPU
		{76E609EB-6FF0-4318-9458-CE8916B53036}.Debug|x86.ActiveCfg = Debug|Any CPU
		{76E609EB-6FF0-4318-9458-CE8916B53036}.Debug|x86.Build.0 = Debug|Any CPU
		{76E609EB-6FF0-4318-9458-CE8916B53036}.Release|Any CPU.ActiveCfg = Release|Any CPU
		{76E609EB-6FF0-4318-9458-CE8916B53036}.Release|Any CPU.Build.0 = Release|Any CPU
		{76E609EB-6FF0-4318-9458-CE8916B53036}.Release|ARM.ActiveCfg = Release|Any CPU
		{76E609EB-6FF0-4318-9458-CE8916B53036}.Release|ARM.Build.0 = Release|Any CPU
		{76E609EB-6FF0-4318-9458-CE8916B53036}.Release|iPhone.ActiveCfg = Release|Any CPU
		{76E609EB-6FF0-4318-9458-CE8916B53036}.Release|iPhone.Build.0 = Release|Any CPU
		{76E609EB-6FF0-4318-9458-CE8916B53036}.Release|iPhoneSimulator.ActiveCfg = Release|Any CPU
		{76E609EB-6FF0-4318-9458-CE8916B53036}.Release|iPhoneSimulator.Build.0 = Release|Any CPU
		{76E609EB-6FF0-4318-9458-CE8916B53036}.Release|x64.ActiveCfg = Release|Any CPU
		{76E609EB-6FF0-4318-9458-CE8916B53036}.Release|x64.Build.0 = Release|Any CPU
		{76E609EB-6FF0-4318-9458-CE8916B53036}.Release|x86.ActiveCfg = Release|Any CPU
		{76E609EB-6FF0-4318-9458-CE8916B53036}.Release|x86.Build.0 = Release|Any CPU
		{24CE3C36-16B9-426D-AA0C-5961ECF8D88C}.Debug|Any CPU.ActiveCfg = Debug|Any CPU
		{24CE3C36-16B9-426D-AA0C-5961ECF8D88C}.Debug|Any CPU.Build.0 = Debug|Any CPU
		{24CE3C36-16B9-426D-AA0C-5961ECF8D88C}.Debug|Any CPU.Deploy.0 = Debug|Any CPU
		{24CE3C36-16B9-426D-AA0C-5961ECF8D88C}.Debug|ARM.ActiveCfg = Debug|Any CPU
		{24CE3C36-16B9-426D-AA0C-5961ECF8D88C}.Debug|ARM.Build.0 = Debug|Any CPU
		{24CE3C36-16B9-426D-AA0C-5961ECF8D88C}.Debug|ARM.Deploy.0 = Debug|Any CPU
		{24CE3C36-16B9-426D-AA0C-5961ECF8D88C}.Debug|iPhone.ActiveCfg = Debug|Any CPU
		{24CE3C36-16B9-426D-AA0C-5961ECF8D88C}.Debug|iPhone.Build.0 = Debug|Any CPU
		{24CE3C36-16B9-426D-AA0C-5961ECF8D88C}.Debug|iPhone.Deploy.0 = Debug|Any CPU
		{24CE3C36-16B9-426D-AA0C-5961ECF8D88C}.Debug|iPhoneSimulator.ActiveCfg = Debug|Any CPU
		{24CE3C36-16B9-426D-AA0C-5961ECF8D88C}.Debug|iPhoneSimulator.Build.0 = Debug|Any CPU
		{24CE3C36-16B9-426D-AA0C-5961ECF8D88C}.Debug|iPhoneSimulator.Deploy.0 = Debug|Any CPU
		{24CE3C36-16B9-426D-AA0C-5961ECF8D88C}.Debug|x64.ActiveCfg = Debug|Any CPU
		{24CE3C36-16B9-426D-AA0C-5961ECF8D88C}.Debug|x64.Build.0 = Debug|Any CPU
		{24CE3C36-16B9-426D-AA0C-5961ECF8D88C}.Debug|x64.Deploy.0 = Debug|Any CPU
		{24CE3C36-16B9-426D-AA0C-5961ECF8D88C}.Debug|x86.ActiveCfg = Debug|Any CPU
		{24CE3C36-16B9-426D-AA0C-5961ECF8D88C}.Debug|x86.Build.0 = Debug|Any CPU
		{24CE3C36-16B9-426D-AA0C-5961ECF8D88C}.Debug|x86.Deploy.0 = Debug|Any CPU
		{24CE3C36-16B9-426D-AA0C-5961ECF8D88C}.Release|Any CPU.ActiveCfg = Release|Any CPU
		{24CE3C36-16B9-426D-AA0C-5961ECF8D88C}.Release|Any CPU.Build.0 = Release|Any CPU
		{24CE3C36-16B9-426D-AA0C-5961ECF8D88C}.Release|Any CPU.Deploy.0 = Release|Any CPU
		{24CE3C36-16B9-426D-AA0C-5961ECF8D88C}.Release|ARM.ActiveCfg = Release|Any CPU
		{24CE3C36-16B9-426D-AA0C-5961ECF8D88C}.Release|ARM.Build.0 = Release|Any CPU
		{24CE3C36-16B9-426D-AA0C-5961ECF8D88C}.Release|ARM.Deploy.0 = Release|Any CPU
		{24CE3C36-16B9-426D-AA0C-5961ECF8D88C}.Release|iPhone.ActiveCfg = Release|Any CPU
		{24CE3C36-16B9-426D-AA0C-5961ECF8D88C}.Release|iPhone.Build.0 = Release|Any CPU
		{24CE3C36-16B9-426D-AA0C-5961ECF8D88C}.Release|iPhone.Deploy.0 = Release|Any CPU
		{24CE3C36-16B9-426D-AA0C-5961ECF8D88C}.Release|iPhoneSimulator.ActiveCfg = Release|Any CPU
		{24CE3C36-16B9-426D-AA0C-5961ECF8D88C}.Release|iPhoneSimulator.Build.0 = Release|Any CPU
		{24CE3C36-16B9-426D-AA0C-5961ECF8D88C}.Release|iPhoneSimulator.Deploy.0 = Release|Any CPU
		{24CE3C36-16B9-426D-AA0C-5961ECF8D88C}.Release|x64.ActiveCfg = Release|Any CPU
		{24CE3C36-16B9-426D-AA0C-5961ECF8D88C}.Release|x64.Build.0 = Release|Any CPU
		{24CE3C36-16B9-426D-AA0C-5961ECF8D88C}.Release|x64.Deploy.0 = Release|Any CPU
		{24CE3C36-16B9-426D-AA0C-5961ECF8D88C}.Release|x86.ActiveCfg = Release|Any CPU
		{24CE3C36-16B9-426D-AA0C-5961ECF8D88C}.Release|x86.Build.0 = Release|Any CPU
		{24CE3C36-16B9-426D-AA0C-5961ECF8D88C}.Release|x86.Deploy.0 = Release|Any CPU
		{3483E479-3143-400A-993C-5C1E03B7C496}.Debug|Any CPU.ActiveCfg = Debug|iPhone
		{3483E479-3143-400A-993C-5C1E03B7C496}.Debug|ARM.ActiveCfg = Debug|iPhone
		{3483E479-3143-400A-993C-5C1E03B7C496}.Debug|iPhone.ActiveCfg = Debug|iPhone
		{3483E479-3143-400A-993C-5C1E03B7C496}.Debug|iPhone.Build.0 = Debug|iPhone
		{3483E479-3143-400A-993C-5C1E03B7C496}.Debug|iPhoneSimulator.ActiveCfg = Debug|iPhoneSimulator
		{3483E479-3143-400A-993C-5C1E03B7C496}.Debug|iPhoneSimulator.Build.0 = Debug|iPhoneSimulator
		{3483E479-3143-400A-993C-5C1E03B7C496}.Debug|x64.ActiveCfg = Debug|iPhone
		{3483E479-3143-400A-993C-5C1E03B7C496}.Debug|x86.ActiveCfg = Debug|iPhone
		{3483E479-3143-400A-993C-5C1E03B7C496}.Release|Any CPU.ActiveCfg = Release|iPhone
		{3483E479-3143-400A-993C-5C1E03B7C496}.Release|ARM.ActiveCfg = Release|iPhone
		{3483E479-3143-400A-993C-5C1E03B7C496}.Release|iPhone.ActiveCfg = Release|iPhone
		{3483E479-3143-400A-993C-5C1E03B7C496}.Release|iPhone.Build.0 = Release|iPhone
		{3483E479-3143-400A-993C-5C1E03B7C496}.Release|iPhoneSimulator.ActiveCfg = Release|iPhoneSimulator
		{3483E479-3143-400A-993C-5C1E03B7C496}.Release|iPhoneSimulator.Build.0 = Release|iPhoneSimulator
		{3483E479-3143-400A-993C-5C1E03B7C496}.Release|x64.ActiveCfg = Release|iPhone
		{3483E479-3143-400A-993C-5C1E03B7C496}.Release|x86.ActiveCfg = Release|iPhone
		{9D86B8CE-A432-46D3-982A-7F3CA21B29E4}.Debug|Any CPU.ActiveCfg = Debug|x86
		{9D86B8CE-A432-46D3-982A-7F3CA21B29E4}.Debug|ARM.ActiveCfg = Debug|ARM
		{9D86B8CE-A432-46D3-982A-7F3CA21B29E4}.Debug|ARM.Build.0 = Debug|ARM
		{9D86B8CE-A432-46D3-982A-7F3CA21B29E4}.Debug|ARM.Deploy.0 = Debug|ARM
		{9D86B8CE-A432-46D3-982A-7F3CA21B29E4}.Debug|iPhone.ActiveCfg = Debug|x86
		{9D86B8CE-A432-46D3-982A-7F3CA21B29E4}.Debug|iPhoneSimulator.ActiveCfg = Debug|x86
		{9D86B8CE-A432-46D3-982A-7F3CA21B29E4}.Debug|x64.ActiveCfg = Debug|x64
		{9D86B8CE-A432-46D3-982A-7F3CA21B29E4}.Debug|x64.Build.0 = Debug|x64
		{9D86B8CE-A432-46D3-982A-7F3CA21B29E4}.Debug|x64.Deploy.0 = Debug|x64
		{9D86B8CE-A432-46D3-982A-7F3CA21B29E4}.Debug|x86.ActiveCfg = Debug|x86
		{9D86B8CE-A432-46D3-982A-7F3CA21B29E4}.Debug|x86.Build.0 = Debug|x86
		{9D86B8CE-A432-46D3-982A-7F3CA21B29E4}.Debug|x86.Deploy.0 = Debug|x86
		{9D86B8CE-A432-46D3-982A-7F3CA21B29E4}.Release|Any CPU.ActiveCfg = Release|x86
		{9D86B8CE-A432-46D3-982A-7F3CA21B29E4}.Release|ARM.ActiveCfg = Release|ARM
		{9D86B8CE-A432-46D3-982A-7F3CA21B29E4}.Release|ARM.Build.0 = Release|ARM
		{9D86B8CE-A432-46D3-982A-7F3CA21B29E4}.Release|ARM.Deploy.0 = Release|ARM
		{9D86B8CE-A432-46D3-982A-7F3CA21B29E4}.Release|iPhone.ActiveCfg = Release|x86
		{9D86B8CE-A432-46D3-982A-7F3CA21B29E4}.Release|iPhoneSimulator.ActiveCfg = Release|x86
		{9D86B8CE-A432-46D3-982A-7F3CA21B29E4}.Release|x64.ActiveCfg = Release|x64
		{9D86B8CE-A432-46D3-982A-7F3CA21B29E4}.Release|x64.Build.0 = Release|x64
		{9D86B8CE-A432-46D3-982A-7F3CA21B29E4}.Release|x64.Deploy.0 = Release|x64
		{9D86B8CE-A432-46D3-982A-7F3CA21B29E4}.Release|x86.ActiveCfg = Release|x86
		{9D86B8CE-A432-46D3-982A-7F3CA21B29E4}.Release|x86.Build.0 = Release|x86
		{9D86B8CE-A432-46D3-982A-7F3CA21B29E4}.Release|x86.Deploy.0 = Release|x86
		{DF82DE2D-6FBB-4347-80D4-034F4D96C176}.Debug|Any CPU.ActiveCfg = Debug|Any CPU
		{DF82DE2D-6FBB-4347-80D4-034F4D96C176}.Debug|Any CPU.Build.0 = Debug|Any CPU
		{DF82DE2D-6FBB-4347-80D4-034F4D96C176}.Debug|ARM.ActiveCfg = Debug|Any CPU
		{DF82DE2D-6FBB-4347-80D4-034F4D96C176}.Debug|ARM.Build.0 = Debug|Any CPU
		{DF82DE2D-6FBB-4347-80D4-034F4D96C176}.Debug|iPhone.ActiveCfg = Debug|Any CPU
		{DF82DE2D-6FBB-4347-80D4-034F4D96C176}.Debug|iPhone.Build.0 = Debug|Any CPU
		{DF82DE2D-6FBB-4347-80D4-034F4D96C176}.Debug|iPhoneSimulator.ActiveCfg = Debug|Any CPU
		{DF82DE2D-6FBB-4347-80D4-034F4D96C176}.Debug|iPhoneSimulator.Build.0 = Debug|Any CPU
		{DF82DE2D-6FBB-4347-80D4-034F4D96C176}.Debug|x64.ActiveCfg = Debug|Any CPU
		{DF82DE2D-6FBB-4347-80D4-034F4D96C176}.Debug|x64.Build.0 = Debug|Any CPU
		{DF82DE2D-6FBB-4347-80D4-034F4D96C176}.Debug|x86.ActiveCfg = Debug|Any CPU
		{DF82DE2D-6FBB-4347-80D4-034F4D96C176}.Debug|x86.Build.0 = Debug|Any CPU
		{DF82DE2D-6FBB-4347-80D4-034F4D96C176}.Release|Any CPU.ActiveCfg = Release|Any CPU
		{DF82DE2D-6FBB-4347-80D4-034F4D96C176}.Release|Any CPU.Build.0 = Release|Any CPU
		{DF82DE2D-6FBB-4347-80D4-034F4D96C176}.Release|ARM.ActiveCfg = Release|Any CPU
		{DF82DE2D-6FBB-4347-80D4-034F4D96C176}.Release|ARM.Build.0 = Release|Any CPU
		{DF82DE2D-6FBB-4347-80D4-034F4D96C176}.Release|iPhone.ActiveCfg = Release|Any CPU
		{DF82DE2D-6FBB-4347-80D4-034F4D96C176}.Release|iPhone.Build.0 = Release|Any CPU
		{DF82DE2D-6FBB-4347-80D4-034F4D96C176}.Release|iPhoneSimulator.ActiveCfg = Release|Any CPU
		{DF82DE2D-6FBB-4347-80D4-034F4D96C176}.Release|iPhoneSimulator.Build.0 = Release|Any CPU
		{DF82DE2D-6FBB-4347-80D4-034F4D96C176}.Release|x64.ActiveCfg = Release|Any CPU
		{DF82DE2D-6FBB-4347-80D4-034F4D96C176}.Release|x64.Build.0 = Release|Any CPU
		{DF82DE2D-6FBB-4347-80D4-034F4D96C176}.Release|x86.ActiveCfg = Release|Any CPU
		{DF82DE2D-6FBB-4347-80D4-034F4D96C176}.Release|x86.Build.0 = Release|Any CPU
		{660E2BE9-9DC1-4BF7-B64F-91769ED1EC0E}.Debug|Any CPU.ActiveCfg = Debug|Any CPU
		{660E2BE9-9DC1-4BF7-B64F-91769ED1EC0E}.Debug|Any CPU.Build.0 = Debug|Any CPU
		{660E2BE9-9DC1-4BF7-B64F-91769ED1EC0E}.Debug|ARM.ActiveCfg = Debug|Any CPU
		{660E2BE9-9DC1-4BF7-B64F-91769ED1EC0E}.Debug|ARM.Build.0 = Debug|Any CPU
		{660E2BE9-9DC1-4BF7-B64F-91769ED1EC0E}.Debug|iPhone.ActiveCfg = Debug|Any CPU
		{660E2BE9-9DC1-4BF7-B64F-91769ED1EC0E}.Debug|iPhone.Build.0 = Debug|Any CPU
		{660E2BE9-9DC1-4BF7-B64F-91769ED1EC0E}.Debug|iPhoneSimulator.ActiveCfg = Debug|Any CPU
		{660E2BE9-9DC1-4BF7-B64F-91769ED1EC0E}.Debug|iPhoneSimulator.Build.0 = Debug|Any CPU
		{660E2BE9-9DC1-4BF7-B64F-91769ED1EC0E}.Debug|x64.ActiveCfg = Debug|Any CPU
		{660E2BE9-9DC1-4BF7-B64F-91769ED1EC0E}.Debug|x64.Build.0 = Debug|Any CPU
		{660E2BE9-9DC1-4BF7-B64F-91769ED1EC0E}.Debug|x86.ActiveCfg = Debug|Any CPU
		{660E2BE9-9DC1-4BF7-B64F-91769ED1EC0E}.Debug|x86.Build.0 = Debug|Any CPU
		{660E2BE9-9DC1-4BF7-B64F-91769ED1EC0E}.Release|Any CPU.ActiveCfg = Release|Any CPU
		{660E2BE9-9DC1-4BF7-B64F-91769ED1EC0E}.Release|Any CPU.Build.0 = Release|Any CPU
		{660E2BE9-9DC1-4BF7-B64F-91769ED1EC0E}.Release|ARM.ActiveCfg = Release|Any CPU
		{660E2BE9-9DC1-4BF7-B64F-91769ED1EC0E}.Release|ARM.Build.0 = Release|Any CPU
		{660E2BE9-9DC1-4BF7-B64F-91769ED1EC0E}.Release|iPhone.ActiveCfg = Release|Any CPU
		{660E2BE9-9DC1-4BF7-B64F-91769ED1EC0E}.Release|iPhone.Build.0 = Release|Any CPU
		{660E2BE9-9DC1-4BF7-B64F-91769ED1EC0E}.Release|iPhoneSimulator.ActiveCfg = Release|Any CPU
		{660E2BE9-9DC1-4BF7-B64F-91769ED1EC0E}.Release|iPhoneSimulator.Build.0 = Release|Any CPU
		{660E2BE9-9DC1-4BF7-B64F-91769ED1EC0E}.Release|x64.ActiveCfg = Release|Any CPU
		{660E2BE9-9DC1-4BF7-B64F-91769ED1EC0E}.Release|x64.Build.0 = Release|Any CPU
		{660E2BE9-9DC1-4BF7-B64F-91769ED1EC0E}.Release|x86.ActiveCfg = Release|Any CPU
		{660E2BE9-9DC1-4BF7-B64F-91769ED1EC0E}.Release|x86.Build.0 = Release|Any CPU
	EndGlobalSection
	GlobalSection(SolutionProperties) = preSolution
		HideSolutionNode = FALSE
	EndGlobalSection
	GlobalSection(ExtensibilityGlobals) = postSolution
		SolutionGuid = {331776FE-98FB-4858-A4C2-130AD7E255A5}
	EndGlobalSection
EndGlobal
